<Solution>
  <Configurations>
    <Platform Name="x64" />
  </Configurations>
  <Project Path="NTL/NTL.vcxproj" Id="c780dc74-4122-40e6-9db7-df4e4d88f224" />
  <Project Path="NTL_conformer/NTL_conformer.vcxproj" Id="0445a6e3-084c-4311-af6b-f749a89e253f" />
  <Project Path="WPD_optimiser/WPD_optimiser.vcxproj" Id="d99d32d2-21c8-4090-b778-81a7f77c3f06" />
</Solution>
